{
  "version": 4,
  "terraform_version": "1.5.7",
  "serial": 39,
  "lineage": "aaaabfa9-1f45-7b6f-94cc-9de38072bf51",
  "outputs": {},
  "resources": [
    {
      "module": "module.config",
      "mode": "managed",
      "type": "aws_config_config_rule",
      "name": "cloudtrail_enabled",
      "provider": "provider[\"registry.terraform.io/hashicorp/aws\"]",
      "instances": [
        {
          "schema_version": 0,
          "attributes": {
            "arn": "arn:aws:config:us-east-1:038462763405:config-rule/config-rule-ub3b1e",
            "description": "",
            "evaluation_mode": [
              {
                "mode": "DETECTIVE"
              }
            ],
            "id": "cloudtrail-enabled",
            "input_parameters": "",
            "maximum_execution_frequency": "",
            "name": "cloudtrail-enabled",
            "region": "us-east-1",
            "rule_id": "config-rule-ub3b1e",
            "scope": [],
            "source": [
              {
                "custom_policy_details": [],
                "owner": "AWS",
                "source_detail": [],
                "source_identifier": "CLOUD_TRAIL_ENABLED"
              }
            ],
            "tags": {
              "Environment": "compliance",
              "Standard": "CIS"
            },
            "tags_all": {
              "Environment": "compliance",
              "Standard": "CIS"
            }
          },
          "sensitive_attributes": [],
          "private": "bnVsbA=="
        }
      ]
    },
    {
      "module": "module.config",
      "mode": "managed",
      "type": "aws_config_config_rule",
      "name": "iam_password_policy",
      "provider": "provider[\"registry.terraform.io/hashicorp/aws\"]",
      "instances": [
        {
          "schema_version": 0,
          "attributes": {
            "arn": "arn:aws:config:us-east-1:038462763405:config-rule/config-rule-3nsge7",
            "description": "",
            "evaluation_mode": [
              {
                "mode": "DETECTIVE"
              }
            ],
            "id": "iam-password-policy",
            "input_parameters": "",
            "maximum_execution_frequency": "",
            "name": "iam-password-policy",
            "region": "us-east-1",
            "rule_id": "config-rule-3nsge7",
            "scope": [],
            "source": [
              {
                "custom_policy_details": [],
                "owner": "AWS",
                "source_detail": [],
                "source_identifier": "IAM_PASSWORD_POLICY"
              }
            ],
            "tags": {
              "Environment": "compliance",
              "Standard": "CIS"
            },
            "tags_all": {
              "Environment": "compliance",
              "Standard": "CIS"
            }
          },
          "sensitive_attributes": [],
          "private": "bnVsbA=="
        }
      ]
    },
    {
      "module": "module.config",
      "mode": "managed",
      "type": "aws_config_config_rule",
      "name": "incoming_ssh_disabled",
      "provider": "provider[\"registry.terraform.io/hashicorp/aws\"]",
      "instances": [
        {
          "schema_version": 0,
          "attributes": {
            "arn": "arn:aws:config:us-east-1:038462763405:config-rule/config-rule-8olqyy",
            "description": "",
            "evaluation_mode": [
              {
                "mode": "DETECTIVE"
              }
            ],
            "id": "incoming-ssh-disabled",
            "input_parameters": "",
            "maximum_execution_frequency": "",
            "name": "incoming-ssh-disabled",
            "region": "us-east-1",
            "rule_id": "config-rule-8olqyy",
            "scope": [],
            "source": [
              {
                "custom_policy_details": [],
                "owner": "AWS",
                "source_detail": [],
                "source_identifier": "INCOMING_SSH_DISABLED"
              }
            ],
            "tags": {
              "Environment": "compliance",
              "Standard": "NIST"
            },
            "tags_all": {
              "Environment": "compliance",
              "Standard": "NIST"
            }
          },
          "sensitive_attributes": [],
          "private": "bnVsbA=="
        }
      ]
    },
    {
      "module": "module.config",
      "mode": "managed",
      "type": "aws_config_config_rule",
      "name": "root_account_mfa_enabled",
      "provider": "provider[\"registry.terraform.io/hashicorp/aws\"]",
      "instances": [
        {
          "schema_version": 0,
          "attributes": {
            "arn": "arn:aws:config:us-east-1:038462763405:config-rule/config-rule-qgcga9",
            "description": "",
            "evaluation_mode": [
              {
                "mode": "DETECTIVE"
              }
            ],
            "id": "root-account-mfa-enabled",
            "input_parameters": "",
            "maximum_execution_frequency": "",
            "name": "root-account-mfa-enabled",
            "region": "us-east-1",
            "rule_id": "config-rule-qgcga9",
            "scope": [],
            "source": [
              {
                "custom_policy_details": [],
                "owner": "AWS",
                "source_detail": [],
                "source_identifier": "ROOT_ACCOUNT_MFA_ENABLED"
              }
            ],
            "tags": {
              "Environment": "compliance",
              "Standard": "CIS"
            },
            "tags_all": {
              "Environment": "compliance",
              "Standard": "CIS"
            }
          },
          "sensitive_attributes": [],
          "private": "bnVsbA=="
        }
      ]
    },
    {
      "module": "module.config",
      "mode": "managed",
      "type": "aws_config_config_rule",
      "name": "s3_bucket_public_read_prohibited",
      "provider": "provider[\"registry.terraform.io/hashicorp/aws\"]",
      "instances": [
        {
          "schema_version": 0,
          "attributes": {
            "arn": "arn:aws:config:us-east-1:038462763405:config-rule/config-rule-avp7og",
            "description": "",
            "evaluation_mode": [
              {
                "mode": "DETECTIVE"
              }
            ],
            "id": "s3-bucket-public-read-prohibited",
            "input_parameters": "",
            "maximum_execution_frequency": "",
            "name": "s3-bucket-public-read-prohibited",
            "region": "us-east-1",
            "rule_id": "config-rule-avp7og",
            "scope": [],
            "source": [
              {
                "custom_policy_details": [],
                "owner": "AWS",
                "source_detail": [],
                "source_identifier": "S3_BUCKET_PUBLIC_READ_PROHIBITED"
              }
            ],
            "tags": {
              "Environment": "compliance",
              "Standard": "CIS"
            },
            "tags_all": {
              "Environment": "compliance",
              "Standard": "CIS"
            }
          },
          "sensitive_attributes": [],
          "private": "bnVsbA=="
        }
      ]
    },
    {
      "module": "module.config",
      "mode": "managed",
      "type": "aws_config_configuration_recorder",
      "name": "this",
      "provider": "provider[\"registry.terraform.io/hashicorp/aws\"]",
      "instances": [
        {
          "schema_version": 0,
          "attributes": {
            "id": "default",
            "name": "default",
            "recording_group": [
              {
                "all_supported": true,
                "exclusion_by_resource_types": [
                  {
                    "resource_types": []
                  }
                ],
                "include_global_resource_types": true,
                "recording_strategy": [
                  {
                    "use_only": "ALL_SUPPORTED_RESOURCE_TYPES"
                  }
                ],
                "resource_types": []
              }
            ],
            "recording_mode": [
              {
                "recording_frequency": "CONTINUOUS",
                "recording_mode_override": []
              }
            ],
            "region": "us-east-1",
            "role_arn": "arn:aws:iam::038462763405:role/AWSConfigComplianceRole"
          },
          "sensitive_attributes": [],
          "private": "bnVsbA==",
          "dependencies": [
            "module.config.aws_iam_role.config_role"
          ]
        }
      ]
    },
    {
      "module": "module.config",
      "mode": "managed",
      "type": "aws_config_configuration_recorder_status",
      "name": "this",
      "provider": "provider[\"registry.terraform.io/hashicorp/aws\"]",
      "instances": [
        {
          "schema_version": 0,
          "attributes": {
            "id": "default",
            "is_enabled": true,
            "name": "default",
            "region": "us-east-1"
          },
          "sensitive_attributes": [],
          "private": "bnVsbA==",
          "dependencies": [
            "module.config.aws_config_configuration_recorder.this",
            "module.config.aws_config_delivery_channel.this",
            "module.config.aws_iam_role.config_role",
            "module.config.aws_s3_bucket.config_logs"
          ]
        }
      ]
    },
    {
      "module": "module.config",
      "mode": "managed",
      "type": "aws_config_delivery_channel",
      "name": "this",
      "provider": "provider[\"registry.terraform.io/hashicorp/aws\"]",
      "instances": [
        {
          "schema_version": 0,
          "attributes": {
            "id": "default",
            "name": "default",
            "region": "us-east-1",
            "s3_bucket_name": "complianc-logs",
            "s3_key_prefix": "aws-config-logs",
            "s3_kms_key_arn": "",
            "snapshot_delivery_properties": [],
            "sns_topic_arn": ""
          },
          "sensitive_attributes": [],
          "private": "bnVsbA==",
          "dependencies": [
            "module.config.aws_config_configuration_recorder.this",
            "module.config.aws_iam_role.config_role",
            "module.config.aws_s3_bucket.config_logs"
          ]
        }
      ]
    },
    {
      "module": "module.config",
      "mode": "managed",
      "type": "aws_iam_policy",
      "name": "config_inline",
      "provider": "provider[\"registry.terraform.io/hashicorp/aws\"]",
      "instances": [
        {
          "schema_version": 0,
          "attributes": {
            "arn": "arn:aws:iam::038462763405:policy/AWSConfigCustomPolicy",
            "attachment_count": 0,
            "description": "Custom policy for AWS Config to deliver to S3",
            "id": "arn:aws:iam::038462763405:policy/AWSConfigCustomPolicy",
            "name": "AWSConfigCustomPolicy",
            "name_prefix": "",
            "path": "/",
            "policy": "{\"Statement\":[{\"Action\":[\"s3:PutObject\"],\"Effect\":\"Allow\",\"Resource\":\"arn:aws:s3:::compliance-logs/*\"},{\"Action\":[\"sns:Publish\"],\"Effect\":\"Allow\",\"Resource\":\"*\"}],\"Version\":\"2012-10-17\"}",
            "policy_id": "ANPAQR5EPGGG4MXNKWZJQ",
            "tags": {},
            "tags_all": {}
          },
          "sensitive_attributes": [],
          "private": "bnVsbA=="
        }
      ]
    },
    {
      "module": "module.config",
      "mode": "managed",
      "type": "aws_iam_role",
      "name": "config_role",
      "provider": "provider[\"registry.terraform.io/hashicorp/aws\"]",
      "instances": [
        {
          "schema_version": 0,
          "attributes": {
            "arn": "arn:aws:iam::038462763405:role/AWSConfigComplianceRole",
            "assume_role_policy": "{\"Statement\":[{\"Action\":\"sts:AssumeRole\",\"Effect\":\"Allow\",\"Principal\":{\"Service\":\"config.amazonaws.com\"}}],\"Version\":\"2012-10-17\"}",
            "create_date": "2025-07-05T15:28:41Z",
            "description": "",
            "force_detach_policies": false,
            "id": "AWSConfigComplianceRole",
            "inline_policy": [],
            "managed_policy_arns": [
              "arn:aws:iam::aws:policy/service-role/AWSConfigRoleForOrganizations"
            ],
            "max_session_duration": 3600,
            "name": "AWSConfigComplianceRole",
            "name_prefix": "",
            "path": "/",
            "permissions_boundary": "",
            "tags": {
              "Environment": "compliance",
              "Name": "AWS Config Compliance Role"
            },
            "tags_all": {
              "Environment": "compliance",
              "Name": "AWS Config Compliance Role"
            },
            "unique_id": "AROAQR5EPGGG4U2LZTXUM"
          },
          "sensitive_attributes": [],
          "private": "bnVsbA=="
        }
      ]
    },
    {
      "module": "module.config",
      "mode": "managed",
      "type": "aws_iam_role_policy_attachment",
      "name": "config_policy",
      "provider": "provider[\"registry.terraform.io/hashicorp/aws\"]",
      "instances": [
        {
          "schema_version": 0,
          "attributes": {
            "id": "AWSConfigComplianceRole/arn:aws:iam::aws:policy/service-role/AWSConfigRoleForOrganizations",
            "policy_arn": "arn:aws:iam::aws:policy/service-role/AWSConfigRoleForOrganizations",
            "role": "AWSConfigComplianceRole"
          },
          "sensitive_attributes": [],
          "private": "bnVsbA==",
          "dependencies": [
            "module.config.aws_iam_role.config_role"
          ]
        }
      ]
    },
    {
      "module": "module.config",
      "mode": "managed",
      "type": "aws_s3_bucket",
      "name": "config_logs",
      "provider": "provider[\"registry.terraform.io/hashicorp/aws\"]",
      "instances": [
        {
          "schema_version": 0,
          "attributes": {
            "acceleration_status": "",
            "acl": null,
            "arn": "arn:aws:s3:::complianc-logs",
            "bucket": "complianc-logs",
            "bucket_domain_name": "complianc-logs.s3.amazonaws.com",
            "bucket_prefix": "",
            "bucket_region": "us-east-1",
            "bucket_regional_domain_name": "complianc-logs.s3.us-east-1.amazonaws.com",
            "cors_rule": [],
            "force_destroy": true,
            "grant": [
              {
                "id": "d2cb7c38e83bc5b60d0dafa00d008c07b2f8933ab7c249d35c23b31fe13f3eb5",
                "permissions": [
                  "FULL_CONTROL"
                ],
                "type": "CanonicalUser",
                "uri": ""
              }
            ],
            "hosted_zone_id": "Z3AQBSTGFYJSTF",
            "id": "complianc-logs",
            "lifecycle_rule": [],
            "logging": [],
            "object_lock_configuration": [],
            "object_lock_enabled": false,
            "policy": "{\"Statement\":[{\"Action\":\"s3:GetBucketAcl\",\"Effect\":\"Allow\",\"Principal\":{\"Service\":\"config.amazonaws.com\"},\"Resource\":\"arn:aws:s3:::complianc-logs\",\"Sid\":\"AWSConfigBucketPermissionsCheck\"},{\"Action\":\"s3:PutObject\",\"Condition\":{\"StringEquals\":{\"s3:x-amz-acl\":\"bucket-owner-full-control\"}},\"Effect\":\"Allow\",\"Principal\":{\"Service\":\"config.amazonaws.com\"},\"Resource\":\"arn:aws:s3:::complianc-logs/aws-config-logs/*\",\"Sid\":\"AWSConfigBucketDelivery\"}],\"Version\":\"2012-10-17\"}",
            "region": "us-east-1",
            "replication_configuration": [],
            "request_payer": "BucketOwner",
            "server_side_encryption_configuration": [
              {
                "rule": [
                  {
                    "apply_server_side_encryption_by_default": [
                      {
                        "kms_master_key_id": "",
                        "sse_algorithm": "AES256"
                      }
                    ],
                    "bucket_key_enabled": false
                  }
                ]
              }
            ],
            "tags": {
              "Environment": "compliance",
              "Name": "aws-config-logs"
            },
            "tags_all": {
              "Environment": "compliance",
              "Name": "aws-config-logs"
            },
            "timeouts": null,
            "versioning": [
              {
                "enabled": false,
                "mfa_delete": false
              }
            ],
            "website": [],
            "website_domain": null,
            "website_endpoint": null
          },
          "sensitive_attributes": [],
          "private": "eyJlMmJmYjczMC1lY2FhLTExZTYtOGY4OC0zNDM2M2JjN2M0YzAiOnsiY3JlYXRlIjoxMjAwMDAwMDAwMDAwLCJkZWxldGUiOjM2MDAwMDAwMDAwMDAsInJlYWQiOjEyMDAwMDAwMDAwMDAsInVwZGF0ZSI6MTIwMDAwMDAwMDAwMH19"
        }
      ]
    },
    {
      "module": "module.config",
      "mode": "managed",
      "type": "aws_s3_bucket_policy",
      "name": "config_logs_policy",
      "provider": "provider[\"registry.terraform.io/hashicorp/aws\"]",
      "instances": [
        {
          "schema_version": 0,
          "attributes": {
            "bucket": "complianc-logs",
            "id": "complianc-logs",
            "policy": "{\"Statement\":[{\"Action\":\"s3:GetBucketAcl\",\"Effect\":\"Allow\",\"Principal\":{\"Service\":\"config.amazonaws.com\"},\"Resource\":\"arn:aws:s3:::complianc-logs\",\"Sid\":\"AWSConfigBucketPermissionsCheck\"},{\"Action\":\"s3:PutObject\",\"Condition\":{\"StringEquals\":{\"s3:x-amz-acl\":\"bucket-owner-full-control\"}},\"Effect\":\"Allow\",\"Principal\":{\"Service\":\"config.amazonaws.com\"},\"Resource\":\"arn:aws:s3:::complianc-logs/aws-config-logs/*\",\"Sid\":\"AWSConfigBucketDelivery\"}],\"Version\":\"2012-10-17\"}",
            "region": "us-east-1"
          },
          "sensitive_attributes": [],
          "private": "bnVsbA==",
          "dependencies": [
            "module.config.aws_s3_bucket.config_logs"
          ]
        }
      ]
    },
    {
      "module": "module.security_hub",
      "mode": "managed",
      "type": "aws_securityhub_account",
      "name": "this",
      "provider": "provider[\"registry.terraform.io/hashicorp/aws\"]",
      "instances": [
        {
          "schema_version": 1,
          "attributes": {
            "arn": "arn:aws:securityhub:us-east-1:038462763405:hub/default",
            "auto_enable_controls": true,
            "control_finding_generator": "SECURITY_CONTROL",
            "enable_default_standards": true,
            "id": "038462763405",
            "region": "us-east-1"
          },
          "sensitive_attributes": [],
          "private": "eyJzY2hlbWFfdmVyc2lvbiI6IjEifQ=="
        }
      ]
    },
    {
      "module": "module.security_hub",
      "mode": "managed",
      "type": "aws_securityhub_standards_subscription",
      "name": "cis",
      "provider": "provider[\"registry.terraform.io/hashicorp/aws\"]",
      "instances": [
        {
          "schema_version": 0,
          "attributes": {
            "id": "arn:aws:securityhub:us-east-1:038462763405:subscription/cis-aws-foundations-benchmark/v/1.4.0",
            "region": "us-east-1",
            "standards_arn": "arn:aws:securityhub:us-east-1::standards/cis-aws-foundations-benchmark/v/1.4.0",
            "timeouts": null
          },
          "sensitive_attributes": [],
          "private": "eyJlMmJmYjczMC1lY2FhLTExZTYtOGY4OC0zNDM2M2JjN2M0YzAiOnsiY3JlYXRlIjoxODAwMDAwMDAwMDAsImRlbGV0ZSI6MTgwMDAwMDAwMDAwfX0=",
          "dependencies": [
            "module.security_hub.aws_securityhub_account.this"
          ]
        }
      ]
    },
    {
      "module": "module.security_hub",
      "mode": "managed",
      "type": "aws_securityhub_standards_subscription",
      "name": "nist",
      "provider": "provider[\"registry.terraform.io/hashicorp/aws\"]",
      "instances": [
        {
          "index_key": 0,
          "schema_version": 0,
          "attributes": {
            "id": "arn:aws:securityhub:us-east-1:038462763405:subscription/nist-800-53/v/5.0.0",
            "region": "us-east-1",
            "standards_arn": "arn:aws:securityhub:us-east-1::standards/nist-800-53/v/5.0.0",
            "timeouts": null
          },
          "sensitive_attributes": [],
          "private": "eyJlMmJmYjczMC1lY2FhLTExZTYtOGY4OC0zNDM2M2JjN2M0YzAiOnsiY3JlYXRlIjoxODAwMDAwMDAwMDAsImRlbGV0ZSI6MTgwMDAwMDAwMDAwfX0=",
          "dependencies": [
            "module.security_hub.aws_securityhub_account.this"
          ]
        }
      ]
    }
  ],
  "check_results": null
}
